
Microsoft Visual Studio Solution File, Format Version 12.00
# Visual Studio Version 17
VisualStudioVersion = 17.11.35222.181
MinimumVisualStudioVersion = 10.0.40219.1
Project("{9A19103F-16F7-4668-BE54-9A1E7A4F7556}") = "1. Diagonal Difference", "1. Diagonal Difference\1. Diagonal Difference.csproj", "{ABB0BB9B-3079-4E76-8946-62F85C6B226A}"
EndProject
Project("{9A19103F-16F7-4668-BE54-9A1E7A4F7556}") = "2. Squares in Matrix", "2. Squares in Matrix\2. Squares in Matrix.csproj", "{2FEE83D4-DA6B-4BF6-8438-7130C100DFFA}"
EndProject
Project("{9A19103F-16F7-4668-BE54-9A1E7A4F7556}") = "3. Maximal Sum", "3. Maximal Sum\3. Maximal Sum.csproj", "{A12AFFCD-F679-4356-BFEA-CA336E222BDB}"
EndProject
Project("{9A19103F-16F7-4668-BE54-9A1E7A4F7556}") = "4. Matrix Shuffling", "4. Matrix Shuffling\4. Matrix Shuffling.csproj", "{540F2F56-3B14-48F3-997D-ACE9C1263E47}"
EndProject
Project("{9A19103F-16F7-4668-BE54-9A1E7A4F7556}") = "5. Snake Moves", "5. Snake Moves\5. Snake Moves.csproj", "{B3465E1A-E54B-4884-9FA0-956EC02908D4}"
EndProject
Project("{9A19103F-16F7-4668-BE54-9A1E7A4F7556}") = "6. Jagged Array Manipulator", "6. Jagged Array Manipulator\6. Jagged Array Manipulator.csproj", "{EC0C3077-0B3B-44D9-8A5A-CFBF3070590D}"
EndProject
Project("{9A19103F-16F7-4668-BE54-9A1E7A4F7556}") = "7. Knight Game", "7. Knight Game\7. Knight Game.csproj", "{895E1906-332C-4CFC-BD57-A931154BC162}"
EndProject
Global
	GlobalSection(SolutionConfigurationPlatforms) = preSolution
		Debug|Any CPU = Debug|Any CPU
		Release|Any CPU = Release|Any CPU
	EndGlobalSection
	GlobalSection(ProjectConfigurationPlatforms) = postSolution
		{ABB0BB9B-3079-4E76-8946-62F85C6B226A}.Debug|Any CPU.ActiveCfg = Debug|Any CPU
		{ABB0BB9B-3079-4E76-8946-62F85C6B226A}.Debug|Any CPU.Build.0 = Debug|Any CPU
		{ABB0BB9B-3079-4E76-8946-62F85C6B226A}.Release|Any CPU.ActiveCfg = Release|Any CPU
		{ABB0BB9B-3079-4E76-8946-62F85C6B226A}.Release|Any CPU.Build.0 = Release|Any CPU
		{2FEE83D4-DA6B-4BF6-8438-7130C100DFFA}.Debug|Any CPU.ActiveCfg = Debug|Any CPU
		{2FEE83D4-DA6B-4BF6-8438-7130C100DFFA}.Debug|Any CPU.Build.0 = Debug|Any CPU
		{2FEE83D4-DA6B-4BF6-8438-7130C100DFFA}.Release|Any CPU.ActiveCfg = Release|Any CPU
		{2FEE83D4-DA6B-4BF6-8438-7130C100DFFA}.Release|Any CPU.Build.0 = Release|Any CPU
		{A12AFFCD-F679-4356-BFEA-CA336E222BDB}.Debug|Any CPU.ActiveCfg = Debug|Any CPU
		{A12AFFCD-F679-4356-BFEA-CA336E222BDB}.Debug|Any CPU.Build.0 = Debug|Any CPU
		{A12AFFCD-F679-4356-BFEA-CA336E222BDB}.Release|Any CPU.ActiveCfg = Release|Any CPU
		{A12AFFCD-F679-4356-BFEA-CA336E222BDB}.Release|Any CPU.Build.0 = Release|Any CPU
		{540F2F56-3B14-48F3-997D-ACE9C1263E47}.Debug|Any CPU.ActiveCfg = Debug|Any CPU
		{540F2F56-3B14-48F3-997D-ACE9C1263E47}.Debug|Any CPU.Build.0 = Debug|Any CPU
		{540F2F56-3B14-48F3-997D-ACE9C1263E47}.Release|Any CPU.ActiveCfg = Release|Any CPU
		{540F2F56-3B14-48F3-997D-ACE9C1263E47}.Release|Any CPU.Build.0 = Release|Any CPU
		{B3465E1A-E54B-4884-9FA0-956EC02908D4}.Debug|Any CPU.ActiveCfg = Debug|Any CPU
		{B3465E1A-E54B-4884-9FA0-956EC02908D4}.Debug|Any CPU.Build.0 = Debug|Any CPU
		{B3465E1A-E54B-4884-9FA0-956EC02908D4}.Release|Any CPU.ActiveCfg = Release|Any CPU
		{B3465E1A-E54B-4884-9FA0-956EC02908D4}.Release|Any CPU.Build.0 = Release|Any CPU
		{EC0C3077-0B3B-44D9-8A5A-CFBF3070590D}.Debug|Any CPU.ActiveCfg = Debug|Any CPU
		{EC0C3077-0B3B-44D9-8A5A-CFBF3070590D}.Debug|Any CPU.Build.0 = Debug|Any CPU
		{EC0C3077-0B3B-44D9-8A5A-CFBF3070590D}.Release|Any CPU.ActiveCfg = Release|Any CPU
		{EC0C3077-0B3B-44D9-8A5A-CFBF3070590D}.Release|Any CPU.Build.0 = Release|Any CPU
		{895E1906-332C-4CFC-BD57-A931154BC162}.Debug|Any CPU.ActiveCfg = Debug|Any CPU
		{895E1906-332C-4CFC-BD57-A931154BC162}.Debug|Any CPU.Build.0 = Debug|Any CPU
		{895E1906-332C-4CFC-BD57-A931154BC162}.Release|Any CPU.ActiveCfg = Release|Any CPU
		{895E1906-332C-4CFC-BD57-A931154BC162}.Release|Any CPU.Build.0 = Release|Any CPU
	EndGlobalSection
	GlobalSection(SolutionProperties) = preSolution
		HideSolutionNode = FALSE
	EndGlobalSection
	GlobalSection(ExtensibilityGlobals) = postSolution
		SolutionGuid = {25BC1272-28FA-4D56-8897-DE8237D1C813}
	EndGlobalSection
EndGlobal
